// !$*UTF8*$!
{
	archiveVersion = 1;
	classes = {
	};
	objectVersion = 46;
	objects = {

/* Begin PBXBuildFile section */
		B3819AD31CA49AE000C1EB78 /* AppDelegate.swift in Sources */ = {isa = PBXBuildFile; fileRef = B3819AD21CA49AE000C1EB78 /* AppDelegate.swift */; };
		B3819AD51CA49AE000C1EB78 /* ViewController.swift in Sources */ = {isa = PBXBuildFile; fileRef = B3819AD41CA49AE000C1EB78 /* ViewController.swift */; };
		B3819AD81CA49AE000C1EB78 /* Main.storyboard in Resources */ = {isa = PBXBuildFile; fileRef = B3819AD61CA49AE000C1EB78 /* Main.storyboard */; };
		B3819ADB1CA49AE000C1EB78 /* GradeBook.xcdatamodeld in Sources */ = {isa = PBXBuildFile; fileRef = B3819AD91CA49AE000C1EB78 /* GradeBook.xcdatamodeld */; };
		B3819ADD1CA49AE000C1EB78 /* Assets.xcassets in Resources */ = {isa = PBXBuildFile; fileRef = B3819ADC1CA49AE000C1EB78 /* Assets.xcassets */; };
		B3819AE01CA49AE000C1EB78 /* LaunchScreen.storyboard in Resources */ = {isa = PBXBuildFile; fileRef = B3819ADE1CA49AE000C1EB78 /* LaunchScreen.storyboard */; };
/* End PBXBuildFile section */

/* Begin PBXFileReference section */
		B3819ACF1CA49AE000C1EB78 /* GradeBook.app */ = {isa = PBXFileReference; explicitFileType = wrapper.application; includeInIndex = 0; path = GradeBook.app; sourceTree = BUILT_PRODUCTS_DIR; };
		B3819AD21CA49AE000C1EB78 /* AppDelegate.swift */ = {isa = PBXFileReference; lastKnownFileType = sourcecode.swift; path = AppDelegate.swift; sourceTree = "<group>"; };
		B3819AD41CA49AE000C1EB78 /* ViewController.swift */ = {isa = PBXFileReference; lastKnownFileType = sourcecode.swift; path = ViewController.swift; sourceTree = "<group>"; };
		B3819AD71CA49AE000C1EB78 /* Base */ = {isa = PBXFileReference; lastKnownFileType = file.storyboard; name = Base; path = Base.lproj/Main.storyboard; sourceTree = "<group>"; };
		B3819ADA1CA49AE000C1EB78 /* GradeBook.xcdatamodel */ = {isa = PBXFileReference; lastKnownFileType = wrapper.xcdatamodel; path = GradeBook.xcdatamodel; sourceTree = "<group>"; };
		B3819ADC1CA49AE000C1EB78 /* Assets.xcassets */ = {isa = PBXFileReference; lastKnownFileType = folder.assetcatalog; path = Assets.xcassets; sourceTree = "<group>"; };
		B3819ADF1CA49AE000C1EB78 /* Base */ = {isa = PBXFileReference; lastKnownFileType = file.storyboard; name = Base; path = Base.lproj/LaunchScreen.storyboard; sourceTree = "<group>"; };
		B3819AE11CA49AE000C1EB78 /* Info.plist */ = {isa = PBXFileReference; lastKnownFileType = text.plist.xml; path = Info.plist; sourceTree = "<group>"; };
/* End PBXFileReference section */

/* Begin PBXFrameworksBuildPhase section */
		B3819ACC1CA49AE000C1EB78 /* Frameworks */ = {
			isa = PBXFrameworksBuildPhase;
			buildActionMask = 2147483647;
			files = (
			);
			runOnlyForDeploymentPostprocessing = 0;
		};
/* End PBXFrameworksBuildPhase section */

/* Begin PBXGroup section */
		B3819AC61CA49AE000C1EB78 = {
			isa = PBXGroup;
			children = (
				B3819AD11CA49AE000C1EB78 /* GradeBook */,
				B3819AD01CA49AE000C1EB78 /* Products */,
			);
			sourceTree = "<group>";
		};
		B3819AD01CA49AE000C1EB78 /* Products */ = {
			isa = PBXGroup;
			children = (
				B3819ACF1CA49AE000C1EB78 /* GradeBook.app */,
			);
			name = Products;
			sourceTree = "<group>";
		};
		B3819AD11CA49AE000C1EB78 /* GradeBook */ = {
			isa = PBXGroup;
			children = (
				B3819AD21CA49AE000C1EB78 /* AppDelegate.swift */,
				B3819AD41CA49AE000C1EB78 /* ViewController.swift */,
				B3819AD61CA49AE000C1EB78 /* Main.storyboard */,
				B3819ADC1CA49AE000C1EB78 /* Assets.xcassets */,
				B3819ADE1CA49AE000C1EB78 /* LaunchScreen.storyboard */,
				B3819AE11CA49AE000C1EB78 /* Info.plist */,
				B3819AD91CA49AE000C1EB78 /* GradeBook.xcdatamodeld */,
			);
			path = GradeBook;
			sourceTree = "<group>";
		};
/* End PBXGroup section */

/* Begin PBXNativeTarget section */
		B3819ACE1CA49AE000C1EB78 /* GradeBook */ = {
			isa = PBXNativeTarget;
			buildConfigurationList = B3819AE41CA49AE000C1EB78 /* Build configuration list for PBXNativeTarget "GradeBook" */;
			buildPhases = (
				B3819ACB1CA49AE000C1EB78 /* Sources */,
				B3819ACC1CA49AE000C1EB78 /* Frameworks */,
				B3819ACD1CA49AE000C1EB78 /* Resources */,
			);
			buildRules = (
			);
			dependencies = (
			);
			name = GradeBook;
			productName = GradeBook;
			productReference = B3819ACF1CA49AE000C1EB78 /* GradeBook.app */;
			productType = "com.apple.product-type.application";
		};
/* End PBXNativeTarget section */

/* Begin PBXProject section */
		B3819AC71CA49AE000C1EB78 /* Project object */ = {
			isa = PBXProject;
			attributes = {
				LastSwiftUpdateCheck = 0720;
				LastUpgradeCheck = 0720;
				ORGANIZATIONNAME = CSE394;
				TargetAttributes = {
					B3819ACE1CA49AE000C1EB78 = {
						CreatedOnToolsVersion = 7.2.1;
					};
				};
			};
			buildConfigurationList = B3819ACA1CA49AE000C1EB78 /* Build configuration list for PBXProject "GradeBook" */;
			compatibilityVersion = "Xcode 3.2";
			developmentRegion = English;
			hasScannedForEncodings = 0;
			knownRegions = (
				en,
				Base,
			);
			mainGroup = B3819AC61CA49AE000C1EB78;
			productRefGroup = B3819AD01CA49AE000C1EB78 /* Products */;
			projectDirPath = "";
			projectRoot = "";
			targets = (
				B3819ACE1CA49AE000C1EB78 /* GradeBook */,
			);
		};
/* End PBXProject section */

/* Begin PBXResourcesBuildPhase section */
		B3819ACD1CA49AE000C1EB78 /* Resources */ = {
			isa = PBXResourcesBuildPhase;
			buildActionMask = 2147483647;
			files = (
				B3819AE01CA49AE000C1EB78 /* LaunchScreen.storyboard in Resources */,
				B3819ADD1CA49AE000C1EB78 /* Assets.xcassets in Resources */,
				B3819AD81CA49AE000C1EB78 /* Main.storyboard in Resources */,
			);
			runOnlyForDeploymentPostprocessing = 0;
		};
/* End PBXResourcesBuildPhase section */

/* Begin PBXSourcesBuildPhase section */
		B3819ACB1CA49AE000C1EB78 /* Sources */ = {
			isa = PBXSourcesBuildPhase;
			buildActionMask = 2147483647;
			files = (
				B3819AD51CA49AE000C1EB78 /* ViewController.swift in Sources */,
				B3819AD31CA49AE000C1EB78 /* AppDelegate.swift in Sources */,
				B3819ADB1CA49AE000C1EB78 /* GradeBook.xcdatamodeld in Sources */,
			);
			runOnlyForDeploymentPostprocessing = 0;
		};
/* End PBXSourcesBuildPhase section */

/* Begin PBXVariantGroup section */
		B3819AD61CA49AE000C1EB78 /* Main.storyboard */ = {
			isa = PBXVariantGroup;
			children = (
				B3819AD71CA49AE000C1EB78 /* Base */,
			);
			name = Main.storyboard;
			sourceTree = "<group>";
		};
		B3819ADE1CA49AE000C1EB78 /* LaunchScreen.storyboard */ = {
			isa = PBXVariantGroup;
			children = (
				B3819ADF1CA49AE000C1EB78 /* Base */,
			);
			name = LaunchScreen.storyboard;
			sourceTree = "<group>";
		};
/* End PBXVariantGroup section */

/* Begin XCBuildConfiguration section */
		B3819AE21CA49AE000C1EB78 /* Debug */ = {
			isa = XCBuildConfiguration;
			buildSettings = {
				ALWAYS_SEARCH_USER_PATHS = NO;
				CLANG_CXX_LANGUAGE_STANDARD = "gnu++0x";
				CLANG_CXX_LIBRARY = "libc++";
				CLANG_ENABLE_MODULES = YES;
				CLANG_ENABLE_OBJC_ARC = YES;
				CLANG_WARN_BOOL_CONVERSION = YES;
				CLANG_WARN_CONSTANT_CONVERSION = YES;
				CLANG_WARN_DIRECT_OBJC_ISA_USAGE = YES_ERROR;
				CLANG_WARN_EMPTY_BODY = YES;
				CLANG_WARN_ENUM_CONVERSION = YES;
				CLANG_WARN_INT_CONVERSION = YES;
				CLANG_WARN_OBJC_ROOT_CLASS = YES_ERROR;
				CLANG_WARN_UNREACHABLE_CODE = YES;
				CLANG_WARN__DUPLICATE_METHOD_MATCH = YES;
				"CODE_SIGN_IDENTITY[sdk=iphoneos*]" = "iPhone Developer";
				COPY_PHASE_STRIP = NO;
				DEBUG_INFORMATION_FORMAT = dwarf;
				ENABLE_STRICT_OBJC_MSGSEND = YES;
				ENABLE_TESTABILITY = YES;
				GCC_C_LANGUAGE_STANDARD = gnu99;
				GCC_DYNAMIC_NO_PIC = NO;
				GCC_NO_COMMON_BLOCKS = YES;
				GCC_OPTIMIZATION_LEVEL = 0;
				GCC_PREPROCESSOR_DEFINITIONS = (
					"DEBUG=1",
					"$(inherited)",
				);
				GCC_WARN_64_TO_32_BIT_CONVERSION = YES;
				GCC_WARN_ABOUT_RETURN_TYPE = YES_ERROR;
				GCC_WARN_UNDECLARED_SELECTOR = YES;
				GCC_WARN_UNINITIALIZED_AUTOS = YES_AGGRESSIVE;
				GCC_WARN_UNUSED_FUNCTION = YES;
				GCC_WARN_UNUSED_VARIABLE = YES;
				IPHONEOS_DEPLOYMENT_TARGET = 9.2;
				MTL_ENABLE_DEBUG_INFO = YES;
				ONLY_ACTIVE_ARCH = YES;
				SDKROOT = iphoneos;
				SWIFT_OPTIMIZATION_LEVEL = "-Onone";
				TARGETED_DEVICE_FAMILY = "1,2";
			};
			name = Debug;
		};
		B3819AE31CA49AE000C1EB78 /* Release */ = {
			isa = XCBuildConfiguration;
			buildSettings = {
				ALWAYS_SEARCH_USER_PATHS = NO;
				CLANG_CXX_LANGUAGE_STANDARD = "gnu++0x";
				CLANG_CXX_LIBRARY = "libc++";
				CLANG_ENABLE_MODULES = YES;
				CLANG_ENABLE_OBJC_ARC = YES;
				CLANG_WARN_BOOL_CONVERSION = YES;
				CLANG_WARN_CONSTANT_CONVERSION = YES;
				CLANG_WARN_DIRECT_OBJC_ISA_USAGE = YES_ERROR;
				CLANG_WARN_EMPTY_BODY = YES;
				CLANG_WARN_ENUM_CONVERSION = YES;
				CLANG_WARN_INT_CONVERSION = YES;
				CLANG_WARN_OBJC_ROOT_CLASS = YES_ERROR;
				CLANG_WARN_UNREACHABLE_CODE = YES;
				CLANG_WARN__DUPLICATE_METHOD_MATCH = YES;
				"CODE_SIGN_IDENTITY[sdk=iphoneos*]" = "iPhone Developer";
				COPY_PHASE_STRIP = NO;
				DEBUG_INFORMATION_FORMAT = "dwarf-with-dsym";
				ENABLE_NS_ASSERTIONS = NO;
				ENABLE_STRICT_OBJC_MSGSEND = YES;
				GCC_C_LANGUAGE_STANDARD = gnu99;
				GCC_NO_COMMON_BLOCKS = YES;
				GCC_WARN_64_TO_32_BIT_CONVERSION = YES;
				GCC_WARN_ABOUT_RETURN_TYPE = YES_ERROR;
				GCC_WARN_UNDECLARED_SELECTOR = YES;
				GCC_WARN_UNINITIALIZED_AUTOS = YES_AGGRESSIVE;
				GCC_WARN_UNUSED_FUNCTION = YES;
				GCC_WARN_UNUSED_VARIABLE = YES;
				IPHONEOS_DEPLOYMENT_TARGET = 9.2;
				MTL_ENABLE_DEBUG_INFO = NO;
				SDKROOT = iphoneos;
				TARGETED_DEVICE_FAMILY = "1,2";
				VALIDATE_PRODUCT = YES;
			};
			name = Release;
		};
		B3819AE51CA49AE000C1EB78 /* Debug */ = {
			isa = XCBuildConfiguration;
			buildSettings = {
				ASSETCATALOG_COMPILER_APPICON_NAME = AppIcon;
				INFOPLIST_FILE = GradeBook/Info.plist;
				LD_RUNPATH_SEARCH_PATHS = "$(inherited) @executable_path/Frameworks";
				PRODUCT_BUNDLE_IDENTIFIER = cse394.GradeBook;
				PRODUCT_NAME = "$(TARGET_NAME)";
			};
			name = Debug;
		};
		B3819AE61CA49AE000C1EB78 /* Release */ = {
			isa = XCBuildConfiguration;
			buildSettings = {
				ASSETCATALOG_COMPILER_APPICON_NAME = AppIcon;
				INFOPLIST_FILE = GradeBook/Info.plist;
				LD_RUNPATH_SEARCH_PATHS = "$(inherited) @executable_path/Frameworks";
				PRODUCT_BUNDLE_IDENTIFIER = cse394.GradeBook;
				PRODUCT_NAME = "$(TARGET_NAME)";
			};
			name = Release;
		};
/* End XCBuildConfiguration section */

/* Begin XCConfigurationList section */
		B3819ACA1CA49AE000C1EB78 /* Build configuration list for PBXProject "GradeBook" */ = {
			isa = XCConfigurationList;
			buildConfigurations = (
				B3819AE21CA49AE000C1EB78 /* Debug */,
				B3819AE31CA49AE000C1EB78 /* Release */,
			);
			defaultConfigurationIsVisible = 0;
			defaultConfigurationName = Release;
		};
		B3819AE41CA49AE000C1EB78 /* Build configuration list for PBXNativeTarget "GradeBook" */ = {
			isa = XCConfigurationList;
			buildConfigurations = (
				B3819AE51CA49AE000C1EB78 /* Debug */,
				B3819AE61CA49AE000C1EB78 /* Release */,
			);
			defaultConfigurationIsVisible = 0;
		};
/* End XCConfigurationList section */

/* Begin XCVersionGroup section */
		B3819AD91CA49AE000C1EB78 /* GradeBook.xcdatamodeld */ = {
			isa = XCVersionGroup;
			children = (
				B3819ADA1CA49AE000C1EB78 /* GradeBook.xcdatamodel */,
			);
			currentVersion = B3819ADA1CA49AE000C1EB78 /* GradeBook.xcdatamodel */;
			path = GradeBook.xcdatamodeld;
			sourceTree = "<group>";
			versionGroupType = wrapper.xcdatamodel;
		};
/* End XCVersionGroup section */
	};
	rootObject = B3819AC71CA49AE000C1EB78 /* Project object */;
}
